
Microsoft Visual Studio Solution File, Format Version 12.00
# Visual Studio Version 16
VisualStudioVersion = 16.0.28922.388
MinimumVisualStudioVersion = 10.0.40219.1
Project("{E53339B2-1760-4266-BCC7-CA923CBCF16C}") = "docker-compose", "docker-compose.dcproj", "{ED5DBE99-1803-4259-99C3-2E1AADE505D2}"
EndProject
Global
	GlobalSection(SolutionConfigurationPlatforms) = preSolution
		Debug|Any CPU = Debug|Any CPU
		Release|Any CPU = Release|Any CPU
	EndGlobalSection
	GlobalSection(ProjectConfigurationPlatforms) = postSolution
		{ED5DBE99-1803-4259-99C3-2E1AADE505D2}.Debug|Any CPU.ActiveCfg = Debug|Any CPU
		{ED5DBE99-1803-4259-99C3-2E1AADE505D2}.Debug|Any CPU.Build.0 = Debug|Any CPU
		{ED5DBE99-1803-4259-99C3-2E1AADE505D2}.Release|Any CPU.ActiveCfg = Release|Any CPU
		{ED5DBE99-1803-4259-99C3-2E1AADE505D2}.Release|Any CPU.Build.0 = Release|Any CPU
	EndGlobalSection
	GlobalSection(SolutionProperties) = preSolution
		HideSolutionNode = FALSE
	EndGlobalSection
	GlobalSection(ExtensibilityGlobals) = postSolution
		SolutionGuid = {72EADA74-5817-4728-9AB4-6627A7D4B966}
	EndGlobalSection
EndGlobal
